// !$*UTF8*$!
{
	archiveVersion = 1;
	classes = {
	};
	objectVersion = 46;
	objects = {

/* Begin PBXBuildFile section */
		132CEF671A03753600583B3C /* BufferManager.cpp in Sources */ = {isa = PBXBuildFile; fileRef = 132CEF651A03753600583B3C /* BufferManager.cpp */; };
		139FE0101A14C51B008AE39F /* test.cpp in Sources */ = {isa = PBXBuildFile; fileRef = 139FE00E1A14C51B008AE39F /* test.cpp */; };
		13ABA04E1A14B20F00F88D10 /* RecordManager.cpp in Sources */ = {isa = PBXBuildFile; fileRef = 13ABA04C1A14B20F00F88D10 /* RecordManager.cpp */; };
		13CD38211A04EE4600337132 /* CatalogManager.cpp in Sources */ = {isa = PBXBuildFile; fileRef = 13CD38201A04EE4600337132 /* CatalogManager.cpp */; };
/* End PBXBuildFile section */

/* Begin PBXCopyFilesBuildPhase section */
		132CEF591A03751400583B3C /* CopyFiles */ = {
			isa = PBXCopyFilesBuildPhase;
			buildActionMask = 2147483647;
			dstPath = /usr/share/man/man1/;
			dstSubfolderSpec = 0;
			files = (
			);
			runOnlyForDeploymentPostprocessing = 1;
		};
/* End PBXCopyFilesBuildPhase section */

/* Begin PBXFileReference section */
		132CEF5B1A03751400583B3C /* MiniSQL */ = {isa = PBXFileReference; explicitFileType = "compiled.mach-o.executable"; includeInIndex = 0; path = MiniSQL; sourceTree = BUILT_PRODUCTS_DIR; };
		132CEF651A03753600583B3C /* BufferManager.cpp */ = {isa = PBXFileReference; fileEncoding = 4; lastKnownFileType = sourcecode.cpp.cpp; path = BufferManager.cpp; sourceTree = "<group>"; };
		132CEF661A03753600583B3C /* BufferManager.h */ = {isa = PBXFileReference; fileEncoding = 4; lastKnownFileType = sourcecode.c.h; path = BufferManager.h; sourceTree = "<group>"; };
		139FE00E1A14C51B008AE39F /* test.cpp */ = {isa = PBXFileReference; fileEncoding = 4; lastKnownFileType = sourcecode.cpp.cpp; path = test.cpp; sourceTree = "<group>"; };
		13ABA04C1A14B20F00F88D10 /* RecordManager.cpp */ = {isa = PBXFileReference; fileEncoding = 4; lastKnownFileType = sourcecode.cpp.cpp; path = RecordManager.cpp; sourceTree = "<group>"; };
		13ABA04D1A14B20F00F88D10 /* RecordManager.h */ = {isa = PBXFileReference; fileEncoding = 4; lastKnownFileType = sourcecode.c.h; path = RecordManager.h; sourceTree = "<group>"; };
		13CD381D1A0497B200337132 /* CatalogManager.h */ = {isa = PBXFileReference; fileEncoding = 4; lastKnownFileType = sourcecode.c.h; path = CatalogManager.h; sourceTree = "<group>"; };
		13CD381F1A04A6E400337132 /* PublicClass.h */ = {isa = PBXFileReference; lastKnownFileType = sourcecode.c.h; path = PublicClass.h; sourceTree = "<group>"; };
		13CD38201A04EE4600337132 /* CatalogManager.cpp */ = {isa = PBXFileReference; fileEncoding = 4; lastKnownFileType = sourcecode.cpp.cpp; path = CatalogManager.cpp; sourceTree = "<group>"; };
/* End PBXFileReference section */

/* Begin PBXFrameworksBuildPhase section */
		132CEF581A03751400583B3C /* Frameworks */ = {
			isa = PBXFrameworksBuildPhase;
			buildActionMask = 2147483647;
			files = (
			);
			runOnlyForDeploymentPostprocessing = 0;
		};
/* End PBXFrameworksBuildPhase section */

/* Begin PBXGroup section */
		132CEF521A03751400583B3C = {
			isa = PBXGroup;
			children = (
				132CEF5D1A03751400583B3C /* MiniSQL */,
				132CEF5C1A03751400583B3C /* Products */,
			);
			sourceTree = "<group>";
		};
		132CEF5C1A03751400583B3C /* Products */ = {
			isa = PBXGroup;
			children = (
				132CEF5B1A03751400583B3C /* MiniSQL */,
			);
			name = Products;
			sourceTree = "<group>";
		};
		132CEF5D1A03751400583B3C /* MiniSQL */ = {
			isa = PBXGroup;
			children = (
				132CEF651A03753600583B3C /* BufferManager.cpp */,
				132CEF661A03753600583B3C /* BufferManager.h */,
				13ABA04C1A14B20F00F88D10 /* RecordManager.cpp */,
				13ABA04D1A14B20F00F88D10 /* RecordManager.h */,
				13CD38201A04EE4600337132 /* CatalogManager.cpp */,
				13CD381D1A0497B200337132 /* CatalogManager.h */,
				13CD381F1A04A6E400337132 /* PublicClass.h */,
				139FE00E1A14C51B008AE39F /* test.cpp */,
			);
			path = MiniSQL;
			sourceTree = "<group>";
		};
/* End PBXGroup section */

/* Begin PBXNativeTarget section */
		132CEF5A1A03751400583B3C /* MiniSQL */ = {
			isa = PBXNativeTarget;
			buildConfigurationList = 132CEF621A03751400583B3C /* Build configuration list for PBXNativeTarget "MiniSQL" */;
			buildPhases = (
				132CEF571A03751400583B3C /* Sources */,
				132CEF581A03751400583B3C /* Frameworks */,
				132CEF591A03751400583B3C /* CopyFiles */,
			);
			buildRules = (
			);
			dependencies = (
			);
			name = MiniSQL;
			productName = MiniSQL;
			productReference = 132CEF5B1A03751400583B3C /* MiniSQL */;
			productType = "com.apple.product-type.tool";
		};
/* End PBXNativeTarget section */

/* Begin PBXProject section */
		132CEF531A03751400583B3C /* Project object */ = {
			isa = PBXProject;
			attributes = {
				LastUpgradeCheck = 0610;
				ORGANIZATIONNAME = Myh;
				TargetAttributes = {
					132CEF5A1A03751400583B3C = {
						CreatedOnToolsVersion = 6.1;
					};
				};
			};
			buildConfigurationList = 132CEF561A03751400583B3C /* Build configuration list for PBXProject "MiniSQL" */;
			compatibilityVersion = "Xcode 3.2";
			developmentRegion = English;
			hasScannedForEncodings = 0;
			knownRegions = (
				en,
			);
			mainGroup = 132CEF521A03751400583B3C;
			productRefGroup = 132CEF5C1A03751400583B3C /* Products */;
			projectDirPath = "";
			projectRoot = "";
			targets = (
				132CEF5A1A03751400583B3C /* MiniSQL */,
			);
		};
/* End PBXProject section */

/* Begin PBXSourcesBuildPhase section */
		132CEF571A03751400583B3C /* Sources */ = {
			isa = PBXSourcesBuildPhase;
			buildActionMask = 2147483647;
			files = (
				13ABA04E1A14B20F00F88D10 /* RecordManager.cpp in Sources */,
				139FE0101A14C51B008AE39F /* test.cpp in Sources */,
				132CEF671A03753600583B3C /* BufferManager.cpp in Sources */,
				13CD38211A04EE4600337132 /* CatalogManager.cpp in Sources */,
			);
			runOnlyForDeploymentPostprocessing = 0;
		};
/* End PBXSourcesBuildPhase section */

/* Begin XCBuildConfiguration section */
		132CEF601A03751400583B3C /* Debug */ = {
			isa = XCBuildConfiguration;
			buildSettings = {
				ALWAYS_SEARCH_USER_PATHS = NO;
				CLANG_CXX_LANGUAGE_STANDARD = "gnu++0x";
				CLANG_CXX_LIBRARY = "libc++";
				CLANG_ENABLE_MODULES = YES;
				CLANG_ENABLE_OBJC_ARC = YES;
				CLANG_WARN_BOOL_CONVERSION = YES;
				CLANG_WARN_CONSTANT_CONVERSION = YES;
				CLANG_WARN_DIRECT_OBJC_ISA_USAGE = YES_ERROR;
				CLANG_WARN_EMPTY_BODY = YES;
				CLANG_WARN_ENUM_CONVERSION = YES;
				CLANG_WARN_INT_CONVERSION = YES;
				CLANG_WARN_OBJC_ROOT_CLASS = YES_ERROR;
				CLANG_WARN_UNREACHABLE_CODE = YES;
				CLANG_WARN__DUPLICATE_METHOD_MATCH = YES;
				COPY_PHASE_STRIP = NO;
				ENABLE_STRICT_OBJC_MSGSEND = YES;
				GCC_C_LANGUAGE_STANDARD = gnu99;
				GCC_DYNAMIC_NO_PIC = NO;
				GCC_OPTIMIZATION_LEVEL = 0;
				GCC_PREPROCESSOR_DEFINITIONS = (
					"DEBUG=1",
					"$(inherited)",
				);
				GCC_SYMBOLS_PRIVATE_EXTERN = NO;
				GCC_WARN_64_TO_32_BIT_CONVERSION = YES;
				GCC_WARN_ABOUT_RETURN_TYPE = YES_ERROR;
				GCC_WARN_UNDECLARED_SELECTOR = YES;
				GCC_WARN_UNINITIALIZED_AUTOS = YES_AGGRESSIVE;
				GCC_WARN_UNUSED_FUNCTION = YES;
				GCC_WARN_UNUSED_VARIABLE = YES;
				MACOSX_DEPLOYMENT_TARGET = 10.10;
				MTL_ENABLE_DEBUG_INFO = YES;
				ONLY_ACTIVE_ARCH = YES;
				SDKROOT = macosx;
			};
			name = Debug;
		};
		132CEF611A03751400583B3C /* Release */ = {
			isa = XCBuildConfiguration;
			buildSettings = {
				ALWAYS_SEARCH_USER_PATHS = NO;
				CLANG_CXX_LANGUAGE_STANDARD = "gnu++0x";
				CLANG_CXX_LIBRARY = "libc++";
				CLANG_ENABLE_MODULES = YES;
				CLANG_ENABLE_OBJC_ARC = YES;
				CLANG_WARN_BOOL_CONVERSION = YES;
				CLANG_WARN_CONSTANT_CONVERSION = YES;
				CLANG_WARN_DIRECT_OBJC_ISA_USAGE = YES_ERROR;
				CLANG_WARN_EMPTY_BODY = YES;
				CLANG_WARN_ENUM_CONVERSION = YES;
				CLANG_WARN_INT_CONVERSION = YES;
				CLANG_WARN_OBJC_ROOT_CLASS = YES_ERROR;
				CLANG_WARN_UNREACHABLE_CODE = YES;
				CLANG_WARN__DUPLICATE_METHOD_MATCH = YES;
				COPY_PHASE_STRIP = YES;
				DEBUG_INFORMATION_FORMAT = "dwarf-with-dsym";
				ENABLE_NS_ASSERTIONS = NO;
				ENABLE_STRICT_OBJC_MSGSEND = YES;
				GCC_C_LANGUAGE_STANDARD = gnu99;
				GCC_WARN_64_TO_32_BIT_CONVERSION = YES;
				GCC_WARN_ABOUT_RETURN_TYPE = YES_ERROR;
				GCC_WARN_UNDECLARED_SELECTOR = YES;
				GCC_WARN_UNINITIALIZED_AUTOS = YES_AGGRESSIVE;
				GCC_WARN_UNUSED_FUNCTION = YES;
				GCC_WARN_UNUSED_VARIABLE = YES;
				MACOSX_DEPLOYMENT_TARGET = 10.10;
				MTL_ENABLE_DEBUG_INFO = NO;
				SDKROOT = macosx;
			};
			name = Release;
		};
		132CEF631A03751400583B3C /* Debug */ = {
			isa = XCBuildConfiguration;
			buildSettings = {
				PRODUCT_NAME = "$(TARGET_NAME)";
			};
			name = Debug;
		};
		132CEF641A03751400583B3C /* Release */ = {
			isa = XCBuildConfiguration;
			buildSettings = {
				PRODUCT_NAME = "$(TARGET_NAME)";
			};
			name = Release;
		};
/* End XCBuildConfiguration section */

/* Begin XCConfigurationList section */
		132CEF561A03751400583B3C /* Build configuration list for PBXProject "MiniSQL" */ = {
			isa = XCConfigurationList;
			buildConfigurations = (
				132CEF601A03751400583B3C /* Debug */,
				132CEF611A03751400583B3C /* Release */,
			);
			defaultConfigurationIsVisible = 0;
			defaultConfigurationName = Release;
		};
		132CEF621A03751400583B3C /* Build configuration list for PBXNativeTarget "MiniSQL" */ = {
			isa = XCConfigurationList;
			buildConfigurations = (
				132CEF631A03751400583B3C /* Debug */,
				132CEF641A03751400583B3C /* Release */,
			);
			defaultConfigurationIsVisible = 0;
			defaultConfigurationName = Release;
		};
/* End XCConfigurationList section */
	};
	rootObject = 132CEF531A03751400583B3C /* Project object */;
}
